
Microsoft Visual Studio Solution File, Format Version 12.00
# Visual Studio 2013
VisualStudioVersion = 12.0.31101.0
MinimumVisualStudioVersion = 10.0.40219.1
Project("{FAE04EC0-301F-11D3-BF4B-00C04F79EFBC}") = "AgendaOnlineWeb", "AgendaOnlineWeb\AgendaOnlineWeb.csproj", "{822A9C7F-B9BF-486D-9A6E-33C57D5AA7B2}"
EndProject
Project("{FAE04EC0-301F-11D3-BF4B-00C04F79EFBC}") = "AgendaOnlineAPI", "AgendaOnlineAPI\AgendaOnlineAPI.csproj", "{A3B1DDC7-FE13-4BB5-BCC8-3BBC696EBF8C}"
EndProject
Global
	GlobalSection(SolutionConfigurationPlatforms) = preSolution
		Debug|Any CPU = Debug|Any CPU
		Release|Any CPU = Release|Any CPU
	EndGlobalSection
	GlobalSection(ProjectConfigurationPlatforms) = postSolution
		{822A9C7F-B9BF-486D-9A6E-33C57D5AA7B2}.Debug|Any CPU.ActiveCfg = Debug|Any CPU
		{822A9C7F-B9BF-486D-9A6E-33C57D5AA7B2}.Debug|Any CPU.Build.0 = Debug|Any CPU
		{822A9C7F-B9BF-486D-9A6E-33C57D5AA7B2}.Release|Any CPU.ActiveCfg = Release|Any CPU
		{822A9C7F-B9BF-486D-9A6E-33C57D5AA7B2}.Release|Any CPU.Build.0 = Release|Any CPU
		{A3B1DDC7-FE13-4BB5-BCC8-3BBC696EBF8C}.Debug|Any CPU.ActiveCfg = Debug|Any CPU
		{A3B1DDC7-FE13-4BB5-BCC8-3BBC696EBF8C}.Debug|Any CPU.Build.0 = Debug|Any CPU
		{A3B1DDC7-FE13-4BB5-BCC8-3BBC696EBF8C}.Release|Any CPU.ActiveCfg = Release|Any CPU
		{A3B1DDC7-FE13-4BB5-BCC8-3BBC696EBF8C}.Release|Any CPU.Build.0 = Release|Any CPU
	EndGlobalSection
	GlobalSection(SolutionProperties) = preSolution
		HideSolutionNode = FALSE
	EndGlobalSection
EndGlobal
